
Microsoft Visual Studio Solution File, Format Version 12.00
# Visual Studio Version 16
VisualStudioVersion = 16.0.31321.278
MinimumVisualStudioVersion = 10.0.40219.1
Project("{FAE04EC0-301F-11D3-BF4B-00C04F79EFBC}") = "elevadorProject", "elevadorProject.csproj", "{824B4FEB-E9D7-4724-AC5A-E79BB59D07F4}"
EndProject
Project("{2150E333-8FDC-42A3-9474-1A3956D46DE8}") = "Models", "Models", "{4ECD8E79-D95E-4E60-851F-D55522C7C7D1}"
	ProjectSection(SolutionItems) = preProject
		Elevador.cs = Elevador.cs
	EndProjectSection
EndProject
Project("{2150E333-8FDC-42A3-9474-1A3956D46DE8}") = "Controllers", "Controllers", "{5FDFD221-9292-4EC2-8721-0A534A209D02}"
	ProjectSection(SolutionItems) = preProject
		ElevadorController.cs = ElevadorController.cs
	EndProjectSection
EndProject
Project("{2150E333-8FDC-42A3-9474-1A3956D46DE8}") = "Views", "Views", "{49C56BE7-B0D1-40D1-ADCD-D1EA84C71BED}"
	ProjectSection(SolutionItems) = preProject
		ElevadorView.cs = ElevadorView.cs
	EndProjectSection
EndProject
Global
	GlobalSection(SolutionConfigurationPlatforms) = preSolution
		Debug|Any CPU = Debug|Any CPU
		Release|Any CPU = Release|Any CPU
	EndGlobalSection
	GlobalSection(ProjectConfigurationPlatforms) = postSolution
		{824B4FEB-E9D7-4724-AC5A-E79BB59D07F4}.Debug|Any CPU.ActiveCfg = Debug|Any CPU
		{824B4FEB-E9D7-4724-AC5A-E79BB59D07F4}.Debug|Any CPU.Build.0 = Debug|Any CPU
		{824B4FEB-E9D7-4724-AC5A-E79BB59D07F4}.Release|Any CPU.ActiveCfg = Release|Any CPU
		{824B4FEB-E9D7-4724-AC5A-E79BB59D07F4}.Release|Any CPU.Build.0 = Release|Any CPU
	EndGlobalSection
	GlobalSection(SolutionProperties) = preSolution
		HideSolutionNode = FALSE
	EndGlobalSection
	GlobalSection(ExtensibilityGlobals) = postSolution
		SolutionGuid = {612CC4A9-69F9-4E9A-88B5-0B4CAC2A2DD9}
	EndGlobalSection
EndGlobal
